
Microsoft Visual Studio Solution File, Format Version 12.00
# Visual Studio Version 17
VisualStudioVersion = 17.14.36327.8 d17.14
MinimumVisualStudioVersion = 10.0.40219.1
Project("{FAE04EC0-301F-11D3-BF4B-00C04F79EFBC}") = "TEGApi", "TEG\TEGApi.csproj", "{ACD07745-F97A-4A44-B6F9-5B387A5B2A2E}"
EndProject
Project("{FAE04EC0-301F-11D3-BF4B-00C04F79EFBC}") = "TEGApi.Tests", "TEGApi.Tests\TEGApi.Tests.csproj", "{D19F7BE9-2141-4081-8866-20012FE20ED8}"
EndProject
Project("{2150E333-8FDC-42A3-9474-1A3956D46DE8}") = "Solution Items", "Solution Items", "{8EC462FD-D22E-90A8-E5CE-7E832BA40C5D}"
EndProject
Project("{2150E333-8FDC-42A3-9474-1A3956D46DE8}") = "frontend", "frontend", "{02EA681E-C7D8-13C7-8484-4AC65E1B71E8}"
	ProjectSection(SolutionItems) = preProject
		frontend\.gitignore = frontend\.gitignore
		frontend\src\App.css = frontend\src\App.css
		frontend\src\App.tsx = frontend\src\App.tsx
		frontend\eslint.config.js = frontend\eslint.config.js
		frontend\src\index.css = frontend\src\index.css
		frontend\index.html = frontend\index.html
		frontend\src\main.tsx = frontend\src\main.tsx
		frontend\package-lock.json = frontend\package-lock.json
		frontend\package.json = frontend\package.json
		frontend\README.md = frontend\README.md
		frontend\tsconfig.app.json = frontend\tsconfig.app.json
		frontend\tsconfig.json = frontend\tsconfig.json
		frontend\tsconfig.node.json = frontend\tsconfig.node.json
		frontend\vite.config.ts = frontend\vite.config.ts
	EndProjectSection
EndProject
Global
	GlobalSection(SolutionConfigurationPlatforms) = preSolution
		Debug|Any CPU = Debug|Any CPU
		Release|Any CPU = Release|Any CPU
	EndGlobalSection
	GlobalSection(ProjectConfigurationPlatforms) = postSolution
		{ACD07745-F97A-4A44-B6F9-5B387A5B2A2E}.Debug|Any CPU.ActiveCfg = Debug|Any CPU
		{ACD07745-F97A-4A44-B6F9-5B387A5B2A2E}.Debug|Any CPU.Build.0 = Debug|Any CPU
		{ACD07745-F97A-4A44-B6F9-5B387A5B2A2E}.Release|Any CPU.ActiveCfg = Release|Any CPU
		{ACD07745-F97A-4A44-B6F9-5B387A5B2A2E}.Release|Any CPU.Build.0 = Release|Any CPU
		{D19F7BE9-2141-4081-8866-20012FE20ED8}.Debug|Any CPU.ActiveCfg = Debug|Any CPU
		{D19F7BE9-2141-4081-8866-20012FE20ED8}.Debug|Any CPU.Build.0 = Debug|Any CPU
		{D19F7BE9-2141-4081-8866-20012FE20ED8}.Release|Any CPU.ActiveCfg = Release|Any CPU
		{D19F7BE9-2141-4081-8866-20012FE20ED8}.Release|Any CPU.Build.0 = Release|Any CPU
	EndGlobalSection
	GlobalSection(SolutionProperties) = preSolution
		HideSolutionNode = FALSE
	EndGlobalSection
	GlobalSection(NestedProjects) = preSolution
		{02EA681E-C7D8-13C7-8484-4AC65E1B71E8} = {8EC462FD-D22E-90A8-E5CE-7E832BA40C5D}
	EndGlobalSection
	GlobalSection(ExtensibilityGlobals) = postSolution
		SolutionGuid = {D19C2A2C-9471-4EEC-BAA4-13603D131DFE}
	EndGlobalSection
EndGlobal
